
Microsoft Visual Studio Solution File, Format Version 12.00
# Visual Studio Version 17
VisualStudioVersion = 17.7.34031.279
MinimumVisualStudioVersion = 10.0.40219.1
Project("{FAE04EC0-301F-11D3-BF4B-00C04F79EFBC}") = "WpfApp7", "WpfApp7\WpfApp7.csproj", "{A60C5B54-8FE9-4937-B455-12042ADBF8CA}"
EndProject
Global
	GlobalSection(SolutionConfigurationPlatforms) = preSolution
		Debug|Any CPU = Debug|Any CPU
		Release|Any CPU = Release|Any CPU
	EndGlobalSection
	GlobalSection(ProjectConfigurationPlatforms) = postSolution
		{A60C5B54-8FE9-4937-B455-12042ADBF8CA}.Debug|Any CPU.ActiveCfg = Debug|Any CPU
		{A60C5B54-8FE9-4937-B455-12042ADBF8CA}.Debug|Any CPU.Build.0 = Debug|Any CPU
		{A60C5B54-8FE9-4937-B455-12042ADBF8CA}.Release|Any CPU.ActiveCfg = Release|Any CPU
		{A60C5B54-8FE9-4937-B455-12042ADBF8CA}.Release|Any CPU.Build.0 = Release|Any CPU
	EndGlobalSection
	GlobalSection(SolutionProperties) = preSolution
		HideSolutionNode = FALSE
	EndGlobalSection
	GlobalSection(ExtensibilityGlobals) = postSolution
		SolutionGuid = {AFEC6DD9-3030-4147-B941-211F3D6A0B3D}
	EndGlobalSection
EndGlobal
